Microsoft Visual Studio Solution File, Format Version 12.00
# Visual Studio Version 17
VisualStudioVersion = 17.5.2.0
MinimumVisualStudioVersion = 10.0.40219.1
Project("{2150E333-8FDC-42A3-9474-1A3956D46DE8}") = "Module_5", "Module_5", "{2E7886E9-C96F-A5E0-A4D2-761D7D37B663}"
EndProject
Project("{FAE04EC0-301F-11D3-BF4B-00C04F79EFBC}") = "LibraryManagementSystem", "Module_5\LibraryManagementSystem\LibraryManagementSystem.csproj", "{CC570712-136E-2A5C-5DFE-BF573E85CD2C}"
EndProject
Global
	GlobalSection(SolutionConfigurationPlatforms) = preSolution
		Debug|Any CPU = Debug|Any CPU
		Release|Any CPU = Release|Any CPU
	EndGlobalSection
	GlobalSection(ProjectConfigurationPlatforms) = postSolution
		{CC570712-136E-2A5C-5DFE-BF573E85CD2C}.Debug|Any CPU.ActiveCfg = Debug|Any CPU
		{CC570712-136E-2A5C-5DFE-BF573E85CD2C}.Debug|Any CPU.Build.0 = Debug|Any CPU
		{CC570712-136E-2A5C-5DFE-BF573E85CD2C}.Release|Any CPU.ActiveCfg = Release|Any CPU
		{CC570712-136E-2A5C-5DFE-BF573E85CD2C}.Release|Any CPU.Build.0 = Release|Any CPU
	EndGlobalSection
	GlobalSection(SolutionProperties) = preSolution
		HideSolutionNode = FALSE
	EndGlobalSection
	GlobalSection(NestedProjects) = preSolution
		{CC570712-136E-2A5C-5DFE-BF573E85CD2C} = {2E7886E9-C96F-A5E0-A4D2-761D7D37B663}
	EndGlobalSection
	GlobalSection(ExtensibilityGlobals) = postSolution
		SolutionGuid = {727F0F7F-2CBC-40B4-8C31-2DFA160987BA}
	EndGlobalSection
EndGlobal
